<?xml version="1.0" encoding="utf-8"?>
<Project ToolsVersion="4.0" xmlns="http://schemas.microsoft.com/developer/msbuild/2003">
  <ItemGroup>
    <Filter Include="源文件">
      <UniqueIdentifier>{4FC737F1-C7A5-4376-A066-2A32D752A2FF}</UniqueIdentifier>
      <Extensions>cpp;c;cc;cxx;c++;cppm;ixx;def;odl;idl;hpj;bat;asm;asmx</Extensions>
    </Filter>
    <Filter Include="头文件">
      <UniqueIdentifier>{93995380-89BD-4b04-88EB-625FBE52EBFB}</UniqueIdentifier>
      <Extensions>h;hh;hpp;hxx;h++;hm;inl;inc;ipp;xsd</Extensions>
    </Filter>
    <Filter Include="资源文件">
      <UniqueIdentifier>{67DA6AB6-F800-4c08-8B7A-83BB121AAD01}</UniqueIdentifier>
      <Extensions>rc;ico;cur;bmp;dlg;rc2;rct;bin;rgs;gif;jpg;jpeg;jpe;resx;tiff;tif;png;wav;mfcribbon-ms</Extensions>
    </Filter>
    <Filter Include="High">
      <UniqueIdentifier>{0d92e997-72bb-457d-a943-3dd387854cb8}</UniqueIdentifier>
    </Filter>
    <Filter Include="High\public">
      <UniqueIdentifier>{e8dd3482-a6a1-4fce-9d0a-3263c8ef3769}</UniqueIdentifier>
    </Filter>
    <Filter Include="High\private">
      <UniqueIdentifier>{bbe81174-bf62-4a30-ad9b-7cafdd80347f}</UniqueIdentifier>
    </Filter>
    <Filter Include="SeekAnAnswer">
      <UniqueIdentifier>{328383cb-715c-4d67-af70-e3fa67737361}</UniqueIdentifier>
    </Filter>
    <Filter Include="SeekAnAnswer\kernel">
      <UniqueIdentifier>{8bbf217a-7e19-42c5-a012-9c82e7b9ffee}</UniqueIdentifier>
    </Filter>
    <Filter Include="SeekAnAnswer\misinttypes">
      <UniqueIdentifier>{1cc06da5-5965-4a68-8bbf-90a26d584b29}</UniqueIdentifier>
    </Filter>
  </ItemGroup>
  <ItemGroup>
    <ClCompile Include="test_equation.cpp">
      <Filter>源文件</Filter>
    </ClCompile>
    <ClCompile Include="test_Fraction.cpp">
      <Filter>源文件</Filter>
    </ClCompile>
    <ClCompile Include="test_Monomial.cpp">
      <Filter>源文件</Filter>
    </ClCompile>
    <ClCompile Include="test_Polynomial.cpp">
      <Filter>源文件</Filter>
    </ClCompile>
    <ClCompile Include="test_Polynomial_Exponential.cpp">
      <Filter>源文件</Filter>
    </ClCompile>
    <ClCompile Include="..\..\SeekAnAnswer\High\Private\High_float.cpp">
      <Filter>High\private</Filter>
    </ClCompile>
    <ClCompile Include="..\..\SeekAnAnswer\High\Private\High_int.cpp">
      <Filter>High\private</Filter>
    </ClCompile>
    <ClCompile Include="..\..\SeekAnAnswer\SeekAnAnswer\kernel\equation.cpp">
      <Filter>SeekAnAnswer\kernel</Filter>
    </ClCompile>
    <ClCompile Include="..\..\SeekAnAnswer\SeekAnAnswer\kernel\monomial.cpp">
      <Filter>SeekAnAnswer\kernel</Filter>
    </ClCompile>
    <ClCompile Include="..\..\SeekAnAnswer\SeekAnAnswer\kernel\polynomial.cpp">
      <Filter>SeekAnAnswer\kernel</Filter>
    </ClCompile>
    <ClCompile Include="..\..\SeekAnAnswer\SeekAnAnswer\kernel\polynomial_exponential.cpp">
      <Filter>SeekAnAnswer\kernel</Filter>
    </ClCompile>
    <ClCompile Include="..\..\SeekAnAnswer\SeekAnAnswer\kernel\polynomial_exponential_sum.cpp">
      <Filter>SeekAnAnswer\kernel</Filter>
    </ClCompile>
  </ItemGroup>
  <ItemGroup>
    <ClInclude Include="..\..\SeekAnAnswer\High\Public\High_float.h">
      <Filter>High\public</Filter>
    </ClInclude>
    <ClInclude Include="..\..\SeekAnAnswer\High\Public\High_int.h">
      <Filter>High\public</Filter>
    </ClInclude>
    <ClInclude Include="..\..\SeekAnAnswer\High\Public\High_io.h">
      <Filter>High\public</Filter>
    </ClInclude>
    <ClInclude Include="..\..\SeekAnAnswer\High\Public\High_math.h">
      <Filter>High\public</Filter>
    </ClInclude>
    <ClInclude Include="..\..\SeekAnAnswer\SeekAnAnswer\kernel\equation.h">
      <Filter>SeekAnAnswer\kernel</Filter>
    </ClInclude>
    <ClInclude Include="..\..\SeekAnAnswer\SeekAnAnswer\kernel\fraction.h">
      <Filter>SeekAnAnswer\kernel</Filter>
    </ClInclude>
    <ClInclude Include="..\..\SeekAnAnswer\SeekAnAnswer\kernel\Fraction_PES.h">
      <Filter>SeekAnAnswer\kernel</Filter>
    </ClInclude>
    <ClInclude Include="..\..\SeekAnAnswer\SeekAnAnswer\kernel\monomial.h">
      <Filter>SeekAnAnswer\kernel</Filter>
    </ClInclude>
    <ClInclude Include="..\..\SeekAnAnswer\SeekAnAnswer\kernel\polynomial.h">
      <Filter>SeekAnAnswer\kernel</Filter>
    </ClInclude>
    <ClInclude Include="..\..\SeekAnAnswer\SeekAnAnswer\kernel\polynomial_exponential.h">
      <Filter>SeekAnAnswer\kernel</Filter>
    </ClInclude>
    <ClInclude Include="..\..\SeekAnAnswer\SeekAnAnswer\kernel\polynomial_exponential_sum.h">
      <Filter>SeekAnAnswer\kernel</Filter>
    </ClInclude>
    <ClInclude Include="..\..\SeekAnAnswer\SeekAnAnswer\misinttypes\saint.h">
      <Filter>SeekAnAnswer\misinttypes</Filter>
    </ClInclude>
  </ItemGroup>
</Project>